PODS:
  - PureLayout (3.1.4)
  - ReSwift (4.0.1)
  - RxAtomic (4.4.0)
  - RxCocoa (4.4.0):
    - RxSwift (~> 4.0)
  - RxSwift (4.4.0):
    - RxAtomic (~> 4.4)
  - RxTest (4.4.0):
    - RxAtomic (~> 4.4)
    - RxSwift (~> 4.0)
  - Socket.IO-Client-Swift (14.0.0):
    - Starscream (~> 3.0.6)
  - Starscream (3.0.6)

DEPENDENCIES:
  - PureLayout
  - ReSwift
  - RxCocoa
  - RxSwift
  - RxTest
  - Socket.IO-Client-Swift

SPEC REPOS:
  https://github.com/cocoapods/specs.git:
    - PureLayout
    - ReSwift
    - RxAtomic
    - RxCocoa
    - RxSwift
    - RxTest
    - Socket.IO-Client-Swift
    - Starscream

SPEC CHECKSUMS:
  PureLayout: f08c01b8dec00bb14a1fefa3de4c7d9c265df85e
  ReSwift: f4012c613e13da7398827fe5aebdb938eaed40a3
  RxAtomic: eacf60db868c96bfd63320e28619fe29c179656f
  RxCocoa: df63ebf7b9a70d6b4eeea407ed5dd4efc8979749
  RxSwift: 5976ecd04fc2fefd648827c23de5e11157faa973
  RxTest: 19d03286bdc0a3aaea5d61d4cde31fdf4bb8a5ba
  Socket.IO-Client-Swift: 21e6a8a23a7d367d5ddfab6cbbd3c679cf3c25d6
  Starscream: ef3ece99d765eeccb67de105bfa143f929026cf5

PODFILE CHECKSUM: 28a9153f633e0b0bc8719bf7f1611fe397cfe14a

COCOAPODS: 1.5.3
